// !$*UTF8*$!
{
	archiveVersion = 1;
	classes = {
	};
	objectVersion = 48;
	objects = {

/* Begin PBXBuildFile section */
		1C5A35D42E020D4B521E4F77 /* Pods_MapaDomiciliosTests.framework in Frameworks */ = {isa = PBXBuildFile; fileRef = 9D09884EA8979AAEC623BC46 /* Pods_MapaDomiciliosTests.framework */; };
		9F688863609144E6FA211845 /* Pods_MapaDomicilios.framework in Frameworks */ = {isa = PBXBuildFile; fileRef = 00A2CFAC8A76146341E96432 /* Pods_MapaDomicilios.framework */; };
		C97808B6162CC290718102BE /* Pods_MapaDomiciliosUITests.framework in Frameworks */ = {isa = PBXBuildFile; fileRef = BE5160C137015394DCDACEC7 /* Pods_MapaDomiciliosUITests.framework */; };
		EA3E03E7204325CE00C02A8D /* Router.swift in Sources */ = {isa = PBXBuildFile; fileRef = EA3E03E6204325CE00C02A8D /* Router.swift */; };
		EA3E03E92043667000C02A8D /* RoutesMapVC.swift in Sources */ = {isa = PBXBuildFile; fileRef = EA3E03E82043667000C02A8D /* RoutesMapVC.swift */; };
		EA3E03EB20436D7900C02A8D /* RoutesMapViewModel.swift in Sources */ = {isa = PBXBuildFile; fileRef = EA3E03EA20436D7900C02A8D /* RoutesMapViewModel.swift */; };
		EA3E03EF2043A0E900C02A8D /* NavigationController+Animations.swift in Sources */ = {isa = PBXBuildFile; fileRef = EA3E03EE2043A0E900C02A8D /* NavigationController+Animations.swift */; };
		EA70F6C62041A74E00985735 /* Stop.swift in Sources */ = {isa = PBXBuildFile; fileRef = EA70F6C52041A74E00985735 /* Stop.swift */; };
		EA70F6C92041AFB000985735 /* BusAPI.swift in Sources */ = {isa = PBXBuildFile; fileRef = EA70F6C82041AFB000985735 /* BusAPI.swift */; };
		EA70F6CF2042271100985735 /* SchoolBusCollectionCell.swift in Sources */ = {isa = PBXBuildFile; fileRef = EA70F6CE2042271100985735 /* SchoolBusCollectionCell.swift */; };
		EA70F6D12042272B00985735 /* SchoolBusCollectionCell.xib in Resources */ = {isa = PBXBuildFile; fileRef = EA70F6D02042272B00985735 /* SchoolBusCollectionCell.xib */; };
		EA70F6D320422F7100985735 /* SchoolBusViewModel.swift in Sources */ = {isa = PBXBuildFile; fileRef = EA70F6D220422F7100985735 /* SchoolBusViewModel.swift */; };
		EAC68072204193570059197A /* AppDelegate.swift in Sources */ = {isa = PBXBuildFile; fileRef = EAC68071204193560059197A /* AppDelegate.swift */; };
		EAC68074204193570059197A /* SchoolBusVC.swift in Sources */ = {isa = PBXBuildFile; fileRef = EAC68073204193570059197A /* SchoolBusVC.swift */; };
		EAC68077204193570059197A /* Main.storyboard in Resources */ = {isa = PBXBuildFile; fileRef = EAC68075204193570059197A /* Main.storyboard */; };
		EAC68079204193570059197A /* Assets.xcassets in Resources */ = {isa = PBXBuildFile; fileRef = EAC68078204193570059197A /* Assets.xcassets */; };
		EAC6807C204193570059197A /* LaunchScreen.storyboard in Resources */ = {isa = PBXBuildFile; fileRef = EAC6807A204193570059197A /* LaunchScreen.storyboard */; };
		EAC68087204193570059197A /* MapaDomiciliosTests.swift in Sources */ = {isa = PBXBuildFile; fileRef = EAC68086204193570059197A /* MapaDomiciliosTests.swift */; };
		EAC68092204193570059197A /* MapaDomiciliosUITests.swift in Sources */ = {isa = PBXBuildFile; fileRef = EAC68091204193570059197A /* MapaDomiciliosUITests.swift */; };
		EAC680A1204193EA0059197A /* SchoolBus.swift in Sources */ = {isa = PBXBuildFile; fileRef = EAC680A0204193EA0059197A /* SchoolBus.swift */; };
/* End PBXBuildFile section */

/* Begin PBXContainerItemProxy section */
		EAC68083204193570059197A /* PBXContainerItemProxy */ = {
			isa = PBXContainerItemProxy;
			containerPortal = EAC68066204193560059197A /* Project object */;
			proxyType = 1;
			remoteGlobalIDString = EAC6806D204193560059197A;
			remoteInfo = MapaDomicilios;
		};
		EAC6808E204193570059197A /* PBXContainerItemProxy */ = {
			isa = PBXContainerItemProxy;
			containerPortal = EAC68066204193560059197A /* Project object */;
			proxyType = 1;
			remoteGlobalIDString = EAC6806D204193560059197A;
			remoteInfo = MapaDomicilios;
		};
/* End PBXContainerItemProxy section */

/* Begin PBXFileReference section */
		00A2CFAC8A76146341E96432 /* Pods_MapaDomicilios.framework */ = {isa = PBXFileReference; explicitFileType = wrapper.framework; includeInIndex = 0; path = Pods_MapaDomicilios.framework; sourceTree = BUILT_PRODUCTS_DIR; };
		2E9193BAAF47FC6A463DC741 /* Pods-MapaDomicilios.release.xcconfig */ = {isa = PBXFileReference; includeInIndex = 1; lastKnownFileType = text.xcconfig; name = "Pods-MapaDomicilios.release.xcconfig"; path = "Pods/Target Support Files/Pods-MapaDomicilios/Pods-MapaDomicilios.release.xcconfig"; sourceTree = "<group>"; };
		4DC3A23E3291F453B7833CA3 /* Pods-MapaDomiciliosUITests.release.xcconfig */ = {isa = PBXFileReference; includeInIndex = 1; lastKnownFileType = text.xcconfig; name = "Pods-MapaDomiciliosUITests.release.xcconfig"; path = "Pods/Target Support Files/Pods-MapaDomiciliosUITests/Pods-MapaDomiciliosUITests.release.xcconfig"; sourceTree = "<group>"; };
		9D09884EA8979AAEC623BC46 /* Pods_MapaDomiciliosTests.framework */ = {isa = PBXFileReference; explicitFileType = wrapper.framework; includeInIndex = 0; path = Pods_MapaDomiciliosTests.framework; sourceTree = BUILT_PRODUCTS_DIR; };
		BE5160C137015394DCDACEC7 /* Pods_MapaDomiciliosUITests.framework */ = {isa = PBXFileReference; explicitFileType = wrapper.framework; includeInIndex = 0; path = Pods_MapaDomiciliosUITests.framework; sourceTree = BUILT_PRODUCTS_DIR; };
		C31F970E28873128809CFA46 /* Pods-MapaDomiciliosTests.release.xcconfig */ = {isa = PBXFileReference; includeInIndex = 1; lastKnownFileType = text.xcconfig; name = "Pods-MapaDomiciliosTests.release.xcconfig"; path = "Pods/Target Support Files/Pods-MapaDomiciliosTests/Pods-MapaDomiciliosTests.release.xcconfig"; sourceTree = "<group>"; };
		C6951FF2605E4D4771B3ACCA /* Pods-MapaDomiciliosUITests.debug.xcconfig */ = {isa = PBXFileReference; includeInIndex = 1; lastKnownFileType = text.xcconfig; name = "Pods-MapaDomiciliosUITests.debug.xcconfig"; path = "Pods/Target Support Files/Pods-MapaDomiciliosUITests/Pods-MapaDomiciliosUITests.debug.xcconfig"; sourceTree = "<group>"; };
		D5B1DFC3B15A7CB190862354 /* Pods-MapaDomiciliosTests.debug.xcconfig */ = {isa = PBXFileReference; includeInIndex = 1; lastKnownFileType = text.xcconfig; name = "Pods-MapaDomiciliosTests.debug.xcconfig"; path = "Pods/Target Support Files/Pods-MapaDomiciliosTests/Pods-MapaDomiciliosTests.debug.xcconfig"; sourceTree = "<group>"; };
		EA3E03E6204325CE00C02A8D /* Router.swift */ = {isa = PBXFileReference; lastKnownFileType = sourcecode.swift; path = Router.swift; sourceTree = "<group>"; };
		EA3E03E82043667000C02A8D /* RoutesMapVC.swift */ = {isa = PBXFileReference; lastKnownFileType = sourcecode.swift; path = RoutesMapVC.swift; sourceTree = "<group>"; };
		EA3E03EA20436D7900C02A8D /* RoutesMapViewModel.swift */ = {isa = PBXFileReference; lastKnownFileType = sourcecode.swift; path = RoutesMapViewModel.swift; sourceTree = "<group>"; };
		EA3E03EE2043A0E900C02A8D /* NavigationController+Animations.swift */ = {isa = PBXFileReference; lastKnownFileType = sourcecode.swift; path = "NavigationController+Animations.swift"; sourceTree = "<group>"; };
		EA70F6C52041A74E00985735 /* Stop.swift */ = {isa = PBXFileReference; lastKnownFileType = sourcecode.swift; path = Stop.swift; sourceTree = "<group>"; };
		EA70F6C82041AFB000985735 /* BusAPI.swift */ = {isa = PBXFileReference; lastKnownFileType = sourcecode.swift; path = BusAPI.swift; sourceTree = "<group>"; };
		EA70F6CE2042271100985735 /* SchoolBusCollectionCell.swift */ = {isa = PBXFileReference; lastKnownFileType = sourcecode.swift; path = SchoolBusCollectionCell.swift; sourceTree = "<group>"; };
		EA70F6D02042272B00985735 /* SchoolBusCollectionCell.xib */ = {isa = PBXFileReference; lastKnownFileType = file.xib; path = SchoolBusCollectionCell.xib; sourceTree = "<group>"; };
		EA70F6D220422F7100985735 /* SchoolBusViewModel.swift */ = {isa = PBXFileReference; lastKnownFileType = sourcecode.swift; path = SchoolBusViewModel.swift; sourceTree = "<group>"; };
		EAC6806E204193560059197A /* MapaDomicilios.app */ = {isa = PBXFileReference; explicitFileType = wrapper.application; includeInIndex = 0; path = MapaDomicilios.app; sourceTree = BUILT_PRODUCTS_DIR; };
		EAC68071204193560059197A /* AppDelegate.swift */ = {isa = PBXFileReference; lastKnownFileType = sourcecode.swift; path = AppDelegate.swift; sourceTree = "<group>"; };
		EAC68073204193570059197A /* SchoolBusVC.swift */ = {isa = PBXFileReference; lastKnownFileType = sourcecode.swift; path = SchoolBusVC.swift; sourceTree = "<group>"; };
		EAC68076204193570059197A /* Base */ = {isa = PBXFileReference; lastKnownFileType = file.storyboard; name = Base; path = Base.lproj/Main.storyboard; sourceTree = "<group>"; };
		EAC68078204193570059197A /* Assets.xcassets */ = {isa = PBXFileReference; lastKnownFileType = folder.assetcatalog; path = Assets.xcassets; sourceTree = "<group>"; };
		EAC6807B204193570059197A /* Base */ = {isa = PBXFileReference; lastKnownFileType = file.storyboard; name = Base; path = Base.lproj/LaunchScreen.storyboard; sourceTree = "<group>"; };
		EAC6807D204193570059197A /* Info.plist */ = {isa = PBXFileReference; lastKnownFileType = text.plist.xml; path = Info.plist; sourceTree = "<group>"; };
		EAC68082204193570059197A /* MapaDomiciliosTests.xctest */ = {isa = PBXFileReference; explicitFileType = wrapper.cfbundle; includeInIndex = 0; path = MapaDomiciliosTests.xctest; sourceTree = BUILT_PRODUCTS_DIR; };
		EAC68086204193570059197A /* MapaDomiciliosTests.swift */ = {isa = PBXFileReference; lastKnownFileType = sourcecode.swift; path = MapaDomiciliosTests.swift; sourceTree = "<group>"; };
		EAC68088204193570059197A /* Info.plist */ = {isa = PBXFileReference; lastKnownFileType = text.plist.xml; path = Info.plist; sourceTree = "<group>"; };
		EAC6808D204193570059197A /* MapaDomiciliosUITests.xctest */ = {isa = PBXFileReference; explicitFileType = wrapper.cfbundle; includeInIndex = 0; path = MapaDomiciliosUITests.xctest; sourceTree = BUILT_PRODUCTS_DIR; };
		EAC68091204193570059197A /* MapaDomiciliosUITests.swift */ = {isa = PBXFileReference; lastKnownFileType = sourcecode.swift; path = MapaDomiciliosUITests.swift; sourceTree = "<group>"; };
		EAC68093204193570059197A /* Info.plist */ = {isa = PBXFileReference; lastKnownFileType = text.plist.xml; path = Info.plist; sourceTree = "<group>"; };
		EAC680A0204193EA0059197A /* SchoolBus.swift */ = {isa = PBXFileReference; lastKnownFileType = sourcecode.swift; path = SchoolBus.swift; sourceTree = "<group>"; };
		FFCDE7AFCE5A5F42F5F4E5DD /* Pods-MapaDomicilios.debug.xcconfig */ = {isa = PBXFileReference; includeInIndex = 1; lastKnownFileType = text.xcconfig; name = "Pods-MapaDomicilios.debug.xcconfig"; path = "Pods/Target Support Files/Pods-MapaDomicilios/Pods-MapaDomicilios.debug.xcconfig"; sourceTree = "<group>"; };
/* End PBXFileReference section */

/* Begin PBXFrameworksBuildPhase section */
		EAC6806B204193560059197A /* Frameworks */ = {
			isa = PBXFrameworksBuildPhase;
			buildActionMask = 2147483647;
			files = (
				9F688863609144E6FA211845 /* Pods_MapaDomicilios.framework in Frameworks */,
			);
			runOnlyForDeploymentPostprocessing = 0;
		};
		EAC6807F204193570059197A /* Frameworks */ = {
			isa = PBXFrameworksBuildPhase;
			buildActionMask = 2147483647;
			files = (
				1C5A35D42E020D4B521E4F77 /* Pods_MapaDomiciliosTests.framework in Frameworks */,
			);
			runOnlyForDeploymentPostprocessing = 0;
		};
		EAC6808A204193570059197A /* Frameworks */ = {
			isa = PBXFrameworksBuildPhase;
			buildActionMask = 2147483647;
			files = (
				C97808B6162CC290718102BE /* Pods_MapaDomiciliosUITests.framework in Frameworks */,
			);
			runOnlyForDeploymentPostprocessing = 0;
		};
/* End PBXFrameworksBuildPhase section */

/* Begin PBXGroup section */
		9B37E208A10D49E88824208B /* Frameworks */ = {
			isa = PBXGroup;
			children = (
				00A2CFAC8A76146341E96432 /* Pods_MapaDomicilios.framework */,
				9D09884EA8979AAEC623BC46 /* Pods_MapaDomiciliosTests.framework */,
				BE5160C137015394DCDACEC7 /* Pods_MapaDomiciliosUITests.framework */,
			);
			name = Frameworks;
			sourceTree = "<group>";
		};
		D2ECD97CBDBF3C3211D9E1C5 /* Pods */ = {
			isa = PBXGroup;
			children = (
				FFCDE7AFCE5A5F42F5F4E5DD /* Pods-MapaDomicilios.debug.xcconfig */,
				2E9193BAAF47FC6A463DC741 /* Pods-MapaDomicilios.release.xcconfig */,
				D5B1DFC3B15A7CB190862354 /* Pods-MapaDomiciliosTests.debug.xcconfig */,
				C31F970E28873128809CFA46 /* Pods-MapaDomiciliosTests.release.xcconfig */,
				C6951FF2605E4D4771B3ACCA /* Pods-MapaDomiciliosUITests.debug.xcconfig */,
				4DC3A23E3291F453B7833CA3 /* Pods-MapaDomiciliosUITests.release.xcconfig */,
			);
			name = Pods;
			sourceTree = "<group>";
		};
		EA3E03E5204321A300C02A8D /* Router */ = {
			isa = PBXGroup;
			children = (
				EA3E03E6204325CE00C02A8D /* Router.swift */,
			);
			path = Router;
			sourceTree = "<group>";
		};
		EA3E03EC2043A0C300C02A8D /* Extras */ = {
			isa = PBXGroup;
			children = (
				EA3E03EE2043A0E900C02A8D /* NavigationController+Animations.swift */,
			);
			path = Extras;
			sourceTree = "<group>";
		};
		EA70F6C72041AA0200985735 /* API */ = {
			isa = PBXGroup;
			children = (
				EA70F6C82041AFB000985735 /* BusAPI.swift */,
			);
			path = API;
			sourceTree = "<group>";
		};
		EA70F6CC204221E700985735 /* ViewModel */ = {
			isa = PBXGroup;
			children = (
				EA70F6D220422F7100985735 /* SchoolBusViewModel.swift */,
				EA3E03EA20436D7900C02A8D /* RoutesMapViewModel.swift */,
			);
			path = ViewModel;
			sourceTree = "<group>";
		};
		EA70F6CD2042234700985735 /* View */ = {
			isa = PBXGroup;
			children = (
				EAC68073204193570059197A /* SchoolBusVC.swift */,
				EAC68075204193570059197A /* Main.storyboard */,
				EA70F6CE2042271100985735 /* SchoolBusCollectionCell.swift */,
				EA70F6D02042272B00985735 /* SchoolBusCollectionCell.xib */,
				EA3E03E82043667000C02A8D /* RoutesMapVC.swift */,
			);
			path = View;
			sourceTree = "<group>";
		};
		EAC68065204193560059197A = {
			isa = PBXGroup;
			children = (
				EAC68070204193560059197A /* MapaDomicilios */,
				EAC68085204193570059197A /* MapaDomiciliosTests */,
				EAC68090204193570059197A /* MapaDomiciliosUITests */,
				EAC6806F204193560059197A /* Products */,
				D2ECD97CBDBF3C3211D9E1C5 /* Pods */,
				9B37E208A10D49E88824208B /* Frameworks */,
			);
			sourceTree = "<group>";
		};
		EAC6806F204193560059197A /* Products */ = {
			isa = PBXGroup;
			children = (
				EAC6806E204193560059197A /* MapaDomicilios.app */,
				EAC68082204193570059197A /* MapaDomiciliosTests.xctest */,
				EAC6808D204193570059197A /* MapaDomiciliosUITests.xctest */,
			);
			name = Products;
			sourceTree = "<group>";
		};
		EAC68070204193560059197A /* MapaDomicilios */ = {
			isa = PBXGroup;
			children = (
				EA3E03EC2043A0C300C02A8D /* Extras */,
				EA3E03E5204321A300C02A8D /* Router */,
				EA70F6CD2042234700985735 /* View */,
				EA70F6CC204221E700985735 /* ViewModel */,
				EA70F6C72041AA0200985735 /* API */,
				EAC6809F204193C60059197A /* Model */,
				EAC68071204193560059197A /* AppDelegate.swift */,
				EAC68078204193570059197A /* Assets.xcassets */,
				EAC6807A204193570059197A /* LaunchScreen.storyboard */,
				EAC6807D204193570059197A /* Info.plist */,
			);
			path = MapaDomicilios;
			sourceTree = "<group>";
		};
		EAC68085204193570059197A /* MapaDomiciliosTests */ = {
			isa = PBXGroup;
			children = (
				EAC68086204193570059197A /* MapaDomiciliosTests.swift */,
				EAC68088204193570059197A /* Info.plist */,
			);
			path = MapaDomiciliosTests;
			sourceTree = "<group>";
		};
		EAC68090204193570059197A /* MapaDomiciliosUITests */ = {
			isa = PBXGroup;
			children = (
				EAC68091204193570059197A /* MapaDomiciliosUITests.swift */,
				EAC68093204193570059197A /* Info.plist */,
			);
			path = MapaDomiciliosUITests;
			sourceTree = "<group>";
		};
		EAC6809F204193C60059197A /* Model */ = {
			isa = PBXGroup;
			children = (
				EAC680A0204193EA0059197A /* SchoolBus.swift */,
				EA70F6C52041A74E00985735 /* Stop.swift */,
			);
			path = Model;
			sourceTree = "<group>";
		};
/* End PBXGroup section */

/* Begin PBXNativeTarget section */
		EAC6806D204193560059197A /* MapaDomicilios */ = {
			isa = PBXNativeTarget;
			buildConfigurationList = EAC68096204193570059197A /* Build configuration list for PBXNativeTarget "MapaDomicilios" */;
			buildPhases = (
				05B0872833686BD62D9A67ED /* [CP] Check Pods Manifest.lock */,
				EAC6806A204193560059197A /* Sources */,
				EAC6806B204193560059197A /* Frameworks */,
				EAC6806C204193560059197A /* Resources */,
				ED61C2B6ABD5ED303A464E0C /* [CP] Embed Pods Frameworks */,
				F55C7D95369B44DC94938B3F /* [CP] Copy Pods Resources */,
			);
			buildRules = (
			);
			dependencies = (
			);
			name = MapaDomicilios;
			productName = MapaDomicilios;
			productReference = EAC6806E204193560059197A /* MapaDomicilios.app */;
			productType = "com.apple.product-type.application";
		};
		EAC68081204193570059197A /* MapaDomiciliosTests */ = {
			isa = PBXNativeTarget;
			buildConfigurationList = EAC68099204193570059197A /* Build configuration list for PBXNativeTarget "MapaDomiciliosTests" */;
			buildPhases = (
				1E556D2FBE5C02746FBFBB64 /* [CP] Check Pods Manifest.lock */,
				EAC6807E204193570059197A /* Sources */,
				EAC6807F204193570059197A /* Frameworks */,
				EAC68080204193570059197A /* Resources */,
				69FD4ABCB653992D9392983D /* [CP] Embed Pods Frameworks */,
				7C4517F082219E75FF99D511 /* [CP] Copy Pods Resources */,
			);
			buildRules = (
			);
			dependencies = (
				EAC68084204193570059197A /* PBXTargetDependency */,
			);
			name = MapaDomiciliosTests;
			productName = MapaDomiciliosTests;
			productReference = EAC68082204193570059197A /* MapaDomiciliosTests.xctest */;
			productType = "com.apple.product-type.bundle.unit-test";
		};
		EAC6808C204193570059197A /* MapaDomiciliosUITests */ = {
			isa = PBXNativeTarget;
			buildConfigurationList = EAC6809C204193570059197A /* Build configuration list for PBXNativeTarget "MapaDomiciliosUITests" */;
			buildPhases = (
				471AF71CBD2ABAB7D3DD6B39 /* [CP] Check Pods Manifest.lock */,
				EAC68089204193570059197A /* Sources */,
				EAC6808A204193570059197A /* Frameworks */,
				EAC6808B204193570059197A /* Resources */,
				CC85F913DD3147E277EBB2BA /* [CP] Embed Pods Frameworks */,
				2769E98FA8E035232043D0B9 /* [CP] Copy Pods Resources */,
			);
			buildRules = (
			);
			dependencies = (
				EAC6808F204193570059197A /* PBXTargetDependency */,
			);
			name = MapaDomiciliosUITests;
			productName = MapaDomiciliosUITests;
			productReference = EAC6808D204193570059197A /* MapaDomiciliosUITests.xctest */;
			productType = "com.apple.product-type.bundle.ui-testing";
		};
/* End PBXNativeTarget section */

/* Begin PBXProject section */
		EAC68066204193560059197A /* Project object */ = {
			isa = PBXProject;
			attributes = {
				LastSwiftUpdateCheck = 0920;
				LastUpgradeCheck = 0920;
				ORGANIZATIONNAME = "Jesus Paraada";
				TargetAttributes = {
					EAC6806D204193560059197A = {
						CreatedOnToolsVersion = 9.2;
						ProvisioningStyle = Automatic;
					};
					EAC68081204193570059197A = {
						CreatedOnToolsVersion = 9.2;
						ProvisioningStyle = Automatic;
						TestTargetID = EAC6806D204193560059197A;
					};
					EAC6808C204193570059197A = {
						CreatedOnToolsVersion = 9.2;
						ProvisioningStyle = Automatic;
						TestTargetID = EAC6806D204193560059197A;
					};
				};
			};
			buildConfigurationList = EAC68069204193560059197A /* Build configuration list for PBXProject "MapaDomicilios" */;
			compatibilityVersion = "Xcode 8.0";
			developmentRegion = en;
			hasScannedForEncodings = 0;
			knownRegions = (
				en,
				Base,
			);
			mainGroup = EAC68065204193560059197A;
			productRefGroup = EAC6806F204193560059197A /* Products */;
			projectDirPath = "";
			projectRoot = "";
			targets = (
				EAC6806D204193560059197A /* MapaDomicilios */,
				EAC68081204193570059197A /* MapaDomiciliosTests */,
				EAC6808C204193570059197A /* MapaDomiciliosUITests */,
			);
		};
/* End PBXProject section */

/* Begin PBXResourcesBuildPhase section */
		EAC6806C204193560059197A /* Resources */ = {
			isa = PBXResourcesBuildPhase;
			buildActionMask = 2147483647;
			files = (
				EAC6807C204193570059197A /* LaunchScreen.storyboard in Resources */,
				EAC68079204193570059197A /* Assets.xcassets in Resources */,
				EA70F6D12042272B00985735 /* SchoolBusCollectionCell.xib in Resources */,
				EAC68077204193570059197A /* Main.storyboard in Resources */,
			);
			runOnlyForDeploymentPostprocessing = 0;
		};
		EAC68080204193570059197A /* Resources */ = {
			isa = PBXResourcesBuildPhase;
			buildActionMask = 2147483647;
			files = (
			);
			runOnlyForDeploymentPostprocessing = 0;
		};
		EAC6808B204193570059197A /* Resources */ = {
			isa = PBXResourcesBuildPhase;
			buildActionMask = 2147483647;
			files = (
			);
			runOnlyForDeploymentPostprocessing = 0;
		};
/* End PBXResourcesBuildPhase section */

/* Begin PBXShellScriptBuildPhase section */
		05B0872833686BD62D9A67ED /* [CP] Check Pods Manifest.lock */ = {
			isa = PBXShellScriptBuildPhase;
			buildActionMask = 2147483647;
			files = (
			);
			inputPaths = (
				"${PODS_PODFILE_DIR_PATH}/Podfile.lock",
				"${PODS_ROOT}/Manifest.lock",
			);
			name = "[CP] Check Pods Manifest.lock";
			outputPaths = (
				"$(DERIVED_FILE_DIR)/Pods-MapaDomicilios-checkManifestLockResult.txt",
			);
			runOnlyForDeploymentPostprocessing = 0;
			shellPath = /bin/sh;
			shellScript = "diff \"${PODS_PODFILE_DIR_PATH}/Podfile.lock\" \"${PODS_ROOT}/Manifest.lock\" > /dev/null\nif [ $? != 0 ] ; then\n    # print error to STDERR\n    echo \"error: The sandbox is not in sync with the Podfile.lock. Run 'pod install' or update your CocoaPods installation.\" >&2\n    exit 1\nfi\n# This output is used by Xcode 'outputs' to avoid re-running this script phase.\necho \"SUCCESS\" > \"${SCRIPT_OUTPUT_FILE_0}\"\n";
			showEnvVarsInLog = 0;
		};
		1E556D2FBE5C02746FBFBB64 /* [CP] Check Pods Manifest.lock */ = {
			isa = PBXShellScriptBuildPhase;
			buildActionMask = 2147483647;
			files = (
			);
			inputPaths = (
				"${PODS_PODFILE_DIR_PATH}/Podfile.lock",
				"${PODS_ROOT}/Manifest.lock",
			);
			name = "[CP] Check Pods Manifest.lock";
			outputPaths = (
				"$(DERIVED_FILE_DIR)/Pods-MapaDomiciliosTests-checkManifestLockResult.txt",
			);
			runOnlyForDeploymentPostprocessing = 0;
			shellPath = /bin/sh;
			shellScript = "diff \"${PODS_PODFILE_DIR_PATH}/Podfile.lock\" \"${PODS_ROOT}/Manifest.lock\" > /dev/null\nif [ $? != 0 ] ; then\n    # print error to STDERR\n    echo \"error: The sandbox is not in sync with the Podfile.lock. Run 'pod install' or update your CocoaPods installation.\" >&2\n    exit 1\nfi\n# This output is used by Xcode 'outputs' to avoid re-running this script phase.\necho \"SUCCESS\" > \"${SCRIPT_OUTPUT_FILE_0}\"\n";
			showEnvVarsInLog = 0;
		};
		2769E98FA8E035232043D0B9 /* [CP] Copy Pods Resources */ = {
			isa = PBXShellScriptBuildPhase;
			buildActionMask = 2147483647;
			files = (
			);
			inputPaths = (
			);
			name = "[CP] Copy Pods Resources";
			outputPaths = (
			);
			runOnlyForDeploymentPostprocessing = 0;
			shellPath = /bin/sh;
			shellScript = "\"${SRCROOT}/Pods/Target Support Files/Pods-MapaDomiciliosUITests/Pods-MapaDomiciliosUITests-resources.sh\"\n";
			showEnvVarsInLog = 0;
		};
		471AF71CBD2ABAB7D3DD6B39 /* [CP] Check Pods Manifest.lock */ = {
			isa = PBXShellScriptBuildPhase;
			buildActionMask = 2147483647;
			files = (
			);
			inputPaths = (
				"${PODS_PODFILE_DIR_PATH}/Podfile.lock",
				"${PODS_ROOT}/Manifest.lock",
			);
			name = "[CP] Check Pods Manifest.lock";
			outputPaths = (
				"$(DERIVED_FILE_DIR)/Pods-MapaDomiciliosUITests-checkManifestLockResult.txt",
			);
			runOnlyForDeploymentPostprocessing = 0;
			shellPath = /bin/sh;
			shellScript = "diff \"${PODS_PODFILE_DIR_PATH}/Podfile.lock\" \"${PODS_ROOT}/Manifest.lock\" > /dev/null\nif [ $? != 0 ] ; then\n    # print error to STDERR\n    echo \"error: The sandbox is not in sync with the Podfile.lock. Run 'pod install' or update your CocoaPods installation.\" >&2\n    exit 1\nfi\n# This output is used by Xcode 'outputs' to avoid re-running this script phase.\necho \"SUCCESS\" > \"${SCRIPT_OUTPUT_FILE_0}\"\n";
			showEnvVarsInLog = 0;
		};
		69FD4ABCB653992D9392983D /* [CP] Embed Pods Frameworks */ = {
			isa = PBXShellScriptBuildPhase;
			buildActionMask = 2147483647;
			files = (
			);
			inputPaths = (
			);
			name = "[CP] Embed Pods Frameworks";
			outputPaths = (
			);
			runOnlyForDeploymentPostprocessing = 0;
			shellPath = /bin/sh;
			shellScript = "\"${SRCROOT}/Pods/Target Support Files/Pods-MapaDomiciliosTests/Pods-MapaDomiciliosTests-frameworks.sh\"\n";
			showEnvVarsInLog = 0;
		};
		7C4517F082219E75FF99D511 /* [CP] Copy Pods Resources */ = {
			isa = PBXShellScriptBuildPhase;
			buildActionMask = 2147483647;
			files = (
			);
			inputPaths = (
			);
			name = "[CP] Copy Pods Resources";
			outputPaths = (
			);
			runOnlyForDeploymentPostprocessing = 0;
			shellPath = /bin/sh;
			shellScript = "\"${SRCROOT}/Pods/Target Support Files/Pods-MapaDomiciliosTests/Pods-MapaDomiciliosTests-resources.sh\"\n";
			showEnvVarsInLog = 0;
		};
		CC85F913DD3147E277EBB2BA /* [CP] Embed Pods Frameworks */ = {
			isa = PBXShellScriptBuildPhase;
			buildActionMask = 2147483647;
			files = (
			);
			inputPaths = (
			);
			name = "[CP] Embed Pods Frameworks";
			outputPaths = (
			);
			runOnlyForDeploymentPostprocessing = 0;
			shellPath = /bin/sh;
			shellScript = "\"${SRCROOT}/Pods/Target Support Files/Pods-MapaDomiciliosUITests/Pods-MapaDomiciliosUITests-frameworks.sh\"\n";
			showEnvVarsInLog = 0;
		};
		ED61C2B6ABD5ED303A464E0C /* [CP] Embed Pods Frameworks */ = {
			isa = PBXShellScriptBuildPhase;
			buildActionMask = 2147483647;
			files = (
			);
			inputPaths = (
				"${SRCROOT}/Pods/Target Support Files/Pods-MapaDomicilios/Pods-MapaDomicilios-frameworks.sh",
				"${BUILT_PRODUCTS_DIR}/Alamofire/Alamofire.framework",
				"${BUILT_PRODUCTS_DIR}/Differentiator/Differentiator.framework",
				"${BUILT_PRODUCTS_DIR}/Kingfisher/Kingfisher.framework",
				"${BUILT_PRODUCTS_DIR}/Moya/Moya.framework",
				"${BUILT_PRODUCTS_DIR}/Moya-ObjectMapper/Moya_ObjectMapper.framework",
				"${BUILT_PRODUCTS_DIR}/ObjectMapper/ObjectMapper.framework",
				"${BUILT_PRODUCTS_DIR}/Result/Result.framework",
				"${BUILT_PRODUCTS_DIR}/RxCocoa/RxCocoa.framework",
				"${BUILT_PRODUCTS_DIR}/RxDataSources/RxDataSources.framework",
				"${BUILT_PRODUCTS_DIR}/RxSwift/RxSwift.framework",
				"${BUILT_PRODUCTS_DIR}/SwiftSpinner/SwiftSpinner.framework",
				"${BUILT_PRODUCTS_DIR}/SwiftyHelpers/SwiftyHelpers.framework",
				"${BUILT_PRODUCTS_DIR}/Then/Then.framework",
			);
			name = "[CP] Embed Pods Frameworks";
			outputPaths = (
				"${TARGET_BUILD_DIR}/${FRAMEWORKS_FOLDER_PATH}/Alamofire.framework",
				"${TARGET_BUILD_DIR}/${FRAMEWORKS_FOLDER_PATH}/Differentiator.framework",
				"${TARGET_BUILD_DIR}/${FRAMEWORKS_FOLDER_PATH}/Kingfisher.framework",
				"${TARGET_BUILD_DIR}/${FRAMEWORKS_FOLDER_PATH}/Moya.framework",
				"${TARGET_BUILD_DIR}/${FRAMEWORKS_FOLDER_PATH}/Moya_ObjectMapper.framework",
				"${TARGET_BUILD_DIR}/${FRAMEWORKS_FOLDER_PATH}/ObjectMapper.framework",
				"${TARGET_BUILD_DIR}/${FRAMEWORKS_FOLDER_PATH}/Result.framework",
				"${TARGET_BUILD_DIR}/${FRAMEWORKS_FOLDER_PATH}/RxCocoa.framework",
				"${TARGET_BUILD_DIR}/${FRAMEWORKS_FOLDER_PATH}/RxDataSources.framework",
				"${TARGET_BUILD_DIR}/${FRAMEWORKS_FOLDER_PATH}/RxSwift.framework",
				"${TARGET_BUILD_DIR}/${FRAMEWORKS_FOLDER_PATH}/SwiftSpinner.framework",
				"${TARGET_BUILD_DIR}/${FRAMEWORKS_FOLDER_PATH}/SwiftyHelpers.framework",
				"${TARGET_BUILD_DIR}/${FRAMEWORKS_FOLDER_PATH}/Then.framework",
			);
			runOnlyForDeploymentPostprocessing = 0;
			shellPath = /bin/sh;
			shellScript = "\"${SRCROOT}/Pods/Target Support Files/Pods-MapaDomicilios/Pods-MapaDomicilios-frameworks.sh\"\n";
			showEnvVarsInLog = 0;
		};
		F55C7D95369B44DC94938B3F /* [CP] Copy Pods Resources */ = {
			isa = PBXShellScriptBuildPhase;
			buildActionMask = 2147483647;
			files = (
			);
			inputPaths = (
				"${SRCROOT}/Pods/Target Support Files/Pods-MapaDomicilios/Pods-MapaDomicilios-resources.sh",
				"${PODS_ROOT}/GoogleMaps/Maps/Frameworks/GoogleMaps.framework/Resources/GoogleMaps.bundle",
				"${PODS_ROOT}/GooglePlaces/Frameworks/GooglePlaces.framework/Resources/GooglePlaces.bundle",
			);
			name = "[CP] Copy Pods Resources";
			outputPaths = (
				"${TARGET_BUILD_DIR}/${UNLOCALIZED_RESOURCES_FOLDER_PATH}/GoogleMaps.bundle",
				"${TARGET_BUILD_DIR}/${UNLOCALIZED_RESOURCES_FOLDER_PATH}/GooglePlaces.bundle",
			);
			runOnlyForDeploymentPostprocessing = 0;
			shellPath = /bin/sh;
			shellScript = "\"${SRCROOT}/Pods/Target Support Files/Pods-MapaDomicilios/Pods-MapaDomicilios-resources.sh\"\n";
			showEnvVarsInLog = 0;
		};
/* End PBXShellScriptBuildPhase section */

/* Begin PBXSourcesBuildPhase section */
		EAC6806A204193560059197A /* Sources */ = {
			isa = PBXSourcesBuildPhase;
			buildActionMask = 2147483647;
			files = (
				EA3E03E7204325CE00C02A8D /* Router.swift in Sources */,
				EA70F6C92041AFB000985735 /* BusAPI.swift in Sources */,
				EA70F6D320422F7100985735 /* SchoolBusViewModel.swift in Sources */,
				EAC680A1204193EA0059197A /* SchoolBus.swift in Sources */,
				EA3E03E92043667000C02A8D /* RoutesMapVC.swift in Sources */,
				EA3E03EF2043A0E900C02A8D /* NavigationController+Animations.swift in Sources */,
				EA70F6CF2042271100985735 /* SchoolBusCollectionCell.swift in Sources */,
				EAC68074204193570059197A /* SchoolBusVC.swift in Sources */,
				EAC68072204193570059197A /* AppDelegate.swift in Sources */,
				EA3E03EB20436D7900C02A8D /* RoutesMapViewModel.swift in Sources */,
				EA70F6C62041A74E00985735 /* Stop.swift in Sources */,
			);
			runOnlyForDeploymentPostprocessing = 0;
		};
		EAC6807E204193570059197A /* Sources */ = {
			isa = PBXSourcesBuildPhase;
			buildActionMask = 2147483647;
			files = (
				EAC68087204193570059197A /* MapaDomiciliosTests.swift in Sources */,
			);
			runOnlyForDeploymentPostprocessing = 0;
		};
		EAC68089204193570059197A /* Sources */ = {
			isa = PBXSourcesBuildPhase;
			buildActionMask = 2147483647;
			files = (
				EAC68092204193570059197A /* MapaDomiciliosUITests.swift in Sources */,
			);
			runOnlyForDeploymentPostprocessing = 0;
		};
/* End PBXSourcesBuildPhase section */

/* Begin PBXTargetDependency section */
		EAC68084204193570059197A /* PBXTargetDependency */ = {
			isa = PBXTargetDependency;
			target = EAC6806D204193560059197A /* MapaDomicilios */;
			targetProxy = EAC68083204193570059197A /* PBXContainerItemProxy */;
		};
		EAC6808F204193570059197A /* PBXTargetDependency */ = {
			isa = PBXTargetDependency;
			target = EAC6806D204193560059197A /* MapaDomicilios */;
			targetProxy = EAC6808E204193570059197A /* PBXContainerItemProxy */;
		};
/* End PBXTargetDependency section */

/* Begin PBXVariantGroup section */
		EAC68075204193570059197A /* Main.storyboard */ = {
			isa = PBXVariantGroup;
			children = (
				EAC68076204193570059197A /* Base */,
			);
			name = Main.storyboard;
			sourceTree = "<group>";
		};
		EAC6807A204193570059197A /* LaunchScreen.storyboard */ = {
			isa = PBXVariantGroup;
			children = (
				EAC6807B204193570059197A /* Base */,
			);
			name = LaunchScreen.storyboard;
			sourceTree = "<group>";
		};
/* End PBXVariantGroup section */

/* Begin XCBuildConfiguration section */
		EAC68094204193570059197A /* Debug */ = {
			isa = XCBuildConfiguration;
			buildSettings = {
				ALWAYS_SEARCH_USER_PATHS = NO;
				CLANG_ANALYZER_NONNULL = YES;
				CLANG_ANALYZER_NUMBER_OBJECT_CONVERSION = YES_AGGRESSIVE;
				CLANG_CXX_LANGUAGE_STANDARD = "gnu++14";
				CLANG_CXX_LIBRARY = "libc++";
				CLANG_ENABLE_MODULES = YES;
				CLANG_ENABLE_OBJC_ARC = YES;
				CLANG_WARN_BLOCK_CAPTURE_AUTORELEASING = YES;
				CLANG_WARN_BOOL_CONVERSION = YES;
				CLANG_WARN_COMMA = YES;
				CLANG_WARN_CONSTANT_CONVERSION = YES;
				CLANG_WARN_DIRECT_OBJC_ISA_USAGE = YES_ERROR;
				CLANG_WARN_DOCUMENTATION_COMMENTS = YES;
				CLANG_WARN_EMPTY_BODY = YES;
				CLANG_WARN_ENUM_CONVERSION = YES;
				CLANG_WARN_INFINITE_RECURSION = YES;
				CLANG_WARN_INT_CONVERSION = YES;
				CLANG_WARN_NON_LITERAL_NULL_CONVERSION = YES;
				CLANG_WARN_OBJC_LITERAL_CONVERSION = YES;
				CLANG_WARN_OBJC_ROOT_CLASS = YES_ERROR;
				CLANG_WARN_RANGE_LOOP_ANALYSIS = YES;
				CLANG_WARN_STRICT_PROTOTYPES = YES;
				CLANG_WARN_SUSPICIOUS_MOVE = YES;
				CLANG_WARN_UNGUARDED_AVAILABILITY = YES_AGGRESSIVE;
				CLANG_WARN_UNREACHABLE_CODE = YES;
				CLANG_WARN__DUPLICATE_METHOD_MATCH = YES;
				CODE_SIGN_IDENTITY = "iPhone Developer";
				COPY_PHASE_STRIP = NO;
				DEBUG_INFORMATION_FORMAT = dwarf;
				ENABLE_STRICT_OBJC_MSGSEND = YES;
				ENABLE_TESTABILITY = YES;
				GCC_C_LANGUAGE_STANDARD = gnu11;
				GCC_DYNAMIC_NO_PIC = NO;
				GCC_NO_COMMON_BLOCKS = YES;
				GCC_OPTIMIZATION_LEVEL = 0;
				GCC_PREPROCESSOR_DEFINITIONS = (
					"DEBUG=1",
					"$(inherited)",
				);
				GCC_WARN_64_TO_32_BIT_CONVERSION = YES;
				GCC_WARN_ABOUT_RETURN_TYPE = YES_ERROR;
				GCC_WARN_UNDECLARED_SELECTOR = YES;
				GCC_WARN_UNINITIALIZED_AUTOS = YES_AGGRESSIVE;
				GCC_WARN_UNUSED_FUNCTION = YES;
				GCC_WARN_UNUSED_VARIABLE = YES;
				IPHONEOS_DEPLOYMENT_TARGET = 11.2;
				MTL_ENABLE_DEBUG_INFO = YES;
				ONLY_ACTIVE_ARCH = YES;
				SDKROOT = iphoneos;
				SWIFT_ACTIVE_COMPILATION_CONDITIONS = DEBUG;
				SWIFT_OPTIMIZATION_LEVEL = "-Onone";
			};
			name = Debug;
		};
		EAC68095204193570059197A /* Release */ = {
			isa = XCBuildConfiguration;
			buildSettings = {
				ALWAYS_SEARCH_USER_PATHS = NO;
				CLANG_ANALYZER_NONNULL = YES;
				CLANG_ANALYZER_NUMBER_OBJECT_CONVERSION = YES_AGGRESSIVE;
				CLANG_CXX_LANGUAGE_STANDARD = "gnu++14";
				CLANG_CXX_LIBRARY = "libc++";
				CLANG_ENABLE_MODULES = YES;
				CLANG_ENABLE_OBJC_ARC = YES;
				CLANG_WARN_BLOCK_CAPTURE_AUTORELEASING = YES;
				CLANG_WARN_BOOL_CONVERSION = YES;
				CLANG_WARN_COMMA = YES;
				CLANG_WARN_CONSTANT_CONVERSION = YES;
				CLANG_WARN_DIRECT_OBJC_ISA_USAGE = YES_ERROR;
				CLANG_WARN_DOCUMENTATION_COMMENTS = YES;
				CLANG_WARN_EMPTY_BODY = YES;
				CLANG_WARN_ENUM_CONVERSION = YES;
				CLANG_WARN_INFINITE_RECURSION = YES;
				CLANG_WARN_INT_CONVERSION = YES;
				CLANG_WARN_NON_LITERAL_NULL_CONVERSION = YES;
				CLANG_WARN_OBJC_LITERAL_CONVERSION = YES;
				CLANG_WARN_OBJC_ROOT_CLASS = YES_ERROR;
				CLANG_WARN_RANGE_LOOP_ANALYSIS = YES;
				CLANG_WARN_STRICT_PROTOTYPES = YES;
				CLANG_WARN_SUSPICIOUS_MOVE = YES;
				CLANG_WARN_UNGUARDED_AVAILABILITY = YES_AGGRESSIVE;
				CLANG_WARN_UNREACHABLE_CODE = YES;
				CLANG_WARN__DUPLICATE_METHOD_MATCH = YES;
				CODE_SIGN_IDENTITY = "iPhone Developer";
				COPY_PHASE_STRIP = NO;
				DEBUG_INFORMATION_FORMAT = "dwarf-with-dsym";
				ENABLE_NS_ASSERTIONS = NO;
				ENABLE_STRICT_OBJC_MSGSEND = YES;
				GCC_C_LANGUAGE_STANDARD = gnu11;
				GCC_NO_COMMON_BLOCKS = YES;
				GCC_WARN_64_TO_32_BIT_CONVERSION = YES;
				GCC_WARN_ABOUT_RETURN_TYPE = YES_ERROR;
				GCC_WARN_UNDECLARED_SELECTOR = YES;
				GCC_WARN_UNINITIALIZED_AUTOS = YES_AGGRESSIVE;
				GCC_WARN_UNUSED_FUNCTION = YES;
				GCC_WARN_UNUSED_VARIABLE = YES;
				IPHONEOS_DEPLOYMENT_TARGET = 11.2;
				MTL_ENABLE_DEBUG_INFO = NO;
				SDKROOT = iphoneos;
				SWIFT_OPTIMIZATION_LEVEL = "-Owholemodule";
				VALIDATE_PRODUCT = YES;
			};
			name = Release;
		};
		EAC68097204193570059197A /* Debug */ = {
			isa = XCBuildConfiguration;
			baseConfigurationReference = FFCDE7AFCE5A5F42F5F4E5DD /* Pods-MapaDomicilios.debug.xcconfig */;
			buildSettings = {
				ASSETCATALOG_COMPILER_APPICON_NAME = AppIcon;
				CODE_SIGN_STYLE = Automatic;
				DEVELOPMENT_TEAM = LQ7EM5J29H;
				INFOPLIST_FILE = MapaDomicilios/Info.plist;
				LD_RUNPATH_SEARCH_PATHS = "$(inherited) @executable_path/Frameworks";
				PRODUCT_BUNDLE_IDENTIFIER = com.jesus.MapaDomicilios.MapaDomicilios;
				PRODUCT_NAME = "$(TARGET_NAME)";
				SWIFT_VERSION = 4.0;
				TARGETED_DEVICE_FAMILY = "1,2";
			};
			name = Debug;
		};
		EAC68098204193570059197A /* Release */ = {
			isa = XCBuildConfiguration;
			baseConfigurationReference = 2E9193BAAF47FC6A463DC741 /* Pods-MapaDomicilios.release.xcconfig */;
			buildSettings = {
				ASSETCATALOG_COMPILER_APPICON_NAME = AppIcon;
				CODE_SIGN_STYLE = Automatic;
				DEVELOPMENT_TEAM = LQ7EM5J29H;
				INFOPLIST_FILE = MapaDomicilios/Info.plist;
				LD_RUNPATH_SEARCH_PATHS = "$(inherited) @executable_path/Frameworks";
				PRODUCT_BUNDLE_IDENTIFIER = com.jesus.MapaDomicilios.MapaDomicilios;
				PRODUCT_NAME = "$(TARGET_NAME)";
				SWIFT_VERSION = 4.0;
				TARGETED_DEVICE_FAMILY = "1,2";
			};
			name = Release;
		};
		EAC6809A204193570059197A /* Debug */ = {
			isa = XCBuildConfiguration;
			baseConfigurationReference = D5B1DFC3B15A7CB190862354 /* Pods-MapaDomiciliosTests.debug.xcconfig */;
			buildSettings = {
				ALWAYS_EMBED_SWIFT_STANDARD_LIBRARIES = YES;
				BUNDLE_LOADER = "$(TEST_HOST)";
				CODE_SIGN_STYLE = Automatic;
				INFOPLIST_FILE = MapaDomiciliosTests/Info.plist;
				LD_RUNPATH_SEARCH_PATHS = "$(inherited) @executable_path/Frameworks @loader_path/Frameworks";
				PRODUCT_BUNDLE_IDENTIFIER = com.jesus.MapaDomicilios.MapaDomiciliosTests;
				PRODUCT_NAME = "$(TARGET_NAME)";
				SWIFT_VERSION = 4.0;
				TARGETED_DEVICE_FAMILY = "1,2";
				TEST_HOST = "$(BUILT_PRODUCTS_DIR)/MapaDomicilios.app/MapaDomicilios";
			};
			name = Debug;
		};
		EAC6809B204193570059197A /* Release */ = {
			isa = XCBuildConfiguration;
			baseConfigurationReference = C31F970E28873128809CFA46 /* Pods-MapaDomiciliosTests.release.xcconfig */;
			buildSettings = {
				ALWAYS_EMBED_SWIFT_STANDARD_LIBRARIES = YES;
				BUNDLE_LOADER = "$(TEST_HOST)";
				CODE_SIGN_STYLE = Automatic;
				INFOPLIST_FILE = MapaDomiciliosTests/Info.plist;
				LD_RUNPATH_SEARCH_PATHS = "$(inherited) @executable_path/Frameworks @loader_path/Frameworks";
				PRODUCT_BUNDLE_IDENTIFIER = com.jesus.MapaDomicilios.MapaDomiciliosTests;
				PRODUCT_NAME = "$(TARGET_NAME)";
				SWIFT_VERSION = 4.0;
				TARGETED_DEVICE_FAMILY = "1,2";
				TEST_HOST = "$(BUILT_PRODUCTS_DIR)/MapaDomicilios.app/MapaDomicilios";
			};
			name = Release;
		};
		EAC6809D204193570059197A /* Debug */ = {
			isa = XCBuildConfiguration;
			baseConfigurationReference = C6951FF2605E4D4771B3ACCA /* Pods-MapaDomiciliosUITests.debug.xcconfig */;
			buildSettings = {
				ALWAYS_EMBED_SWIFT_STANDARD_LIBRARIES = YES;
				CODE_SIGN_STYLE = Automatic;
				INFOPLIST_FILE = MapaDomiciliosUITests/Info.plist;
				LD_RUNPATH_SEARCH_PATHS = "$(inherited) @executable_path/Frameworks @loader_path/Frameworks";
				PRODUCT_BUNDLE_IDENTIFIER = com.jesus.MapaDomicilios.MapaDomiciliosUITests;
				PRODUCT_NAME = "$(TARGET_NAME)";
				SWIFT_VERSION = 4.0;
				TARGETED_DEVICE_FAMILY = "1,2";
				TEST_TARGET_NAME = MapaDomicilios;
			};
			name = Debug;
		};
		EAC6809E204193570059197A /* Release */ = {
			isa = XCBuildConfiguration;
			baseConfigurationReference = 4DC3A23E3291F453B7833CA3 /* Pods-MapaDomiciliosUITests.release.xcconfig */;
			buildSettings = {
				ALWAYS_EMBED_SWIFT_STANDARD_LIBRARIES = YES;
				CODE_SIGN_STYLE = Automatic;
				INFOPLIST_FILE = MapaDomiciliosUITests/Info.plist;
				LD_RUNPATH_SEARCH_PATHS = "$(inherited) @executable_path/Frameworks @loader_path/Frameworks";
				PRODUCT_BUNDLE_IDENTIFIER = com.jesus.MapaDomicilios.MapaDomiciliosUITests;
				PRODUCT_NAME = "$(TARGET_NAME)";
				SWIFT_VERSION = 4.0;
				TARGETED_DEVICE_FAMILY = "1,2";
				TEST_TARGET_NAME = MapaDomicilios;
			};
			name = Release;
		};
/* End XCBuildConfiguration section */

/* Begin XCConfigurationList section */
		EAC68069204193560059197A /* Build configuration list for PBXProject "MapaDomicilios" */ = {
			isa = XCConfigurationList;
			buildConfigurations = (
				EAC68094204193570059197A /* Debug */,
				EAC68095204193570059197A /* Release */,
			);
			defaultConfigurationIsVisible = 0;
			defaultConfigurationName = Release;
		};
		EAC68096204193570059197A /* Build configuration list for PBXNativeTarget "MapaDomicilios" */ = {
			isa = XCConfigurationList;
			buildConfigurations = (
				EAC68097204193570059197A /* Debug */,
				EAC68098204193570059197A /* Release */,
			);
			defaultConfigurationIsVisible = 0;
			defaultConfigurationName = Release;
		};
		EAC68099204193570059197A /* Build configuration list for PBXNativeTarget "MapaDomiciliosTests" */ = {
			isa = XCConfigurationList;
			buildConfigurations = (
				EAC6809A204193570059197A /* Debug */,
				EAC6809B204193570059197A /* Release */,
			);
			defaultConfigurationIsVisible = 0;
			defaultConfigurationName = Release;
		};
		EAC6809C204193570059197A /* Build configuration list for PBXNativeTarget "MapaDomiciliosUITests" */ = {
			isa = XCConfigurationList;
			buildConfigurations = (
				EAC6809D204193570059197A /* Debug */,
				EAC6809E204193570059197A /* Release */,
			);
			defaultConfigurationIsVisible = 0;
			defaultConfigurationName = Release;
		};
/* End XCConfigurationList section */
	};
	rootObject = EAC68066204193560059197A /* Project object */;
}
